
Microsoft Visual Studio Solution File, Format Version 12.00
# Visual Studio Version 17
VisualStudioVersion = 17.5.002.0
MinimumVisualStudioVersion = 10.0.40219.1
Project("{9A19103F-16F7-4668-BE54-9A1E7A4F7556}") = "ChatbotPineBackend", "ChatbotPineBackend\ChatbotPineBackend.csproj", "{69B63443-45CF-41EC-BE3C-83B95383BFFF}"
EndProject
Global
	GlobalSection(SolutionConfigurationPlatforms) = preSolution
		Debug|Any CPU = Debug|Any CPU
		Release|Any CPU = Release|Any CPU
	EndGlobalSection
	GlobalSection(ProjectConfigurationPlatforms) = postSolution
		{69B63443-45CF-41EC-BE3C-83B95383BFFF}.Debug|Any CPU.ActiveCfg = Debug|Any CPU
		{69B63443-45CF-41EC-BE3C-83B95383BFFF}.Debug|Any CPU.Build.0 = Debug|Any CPU
		{69B63443-45CF-41EC-BE3C-83B95383BFFF}.Release|Any CPU.ActiveCfg = Release|Any CPU
		{69B63443-45CF-41EC-BE3C-83B95383BFFF}.Release|Any CPU.Build.0 = Release|Any CPU
	EndGlobalSection
	GlobalSection(SolutionProperties) = preSolution
		HideSolutionNode = FALSE
	EndGlobalSection
	GlobalSection(ExtensibilityGlobals) = postSolution
		SolutionGuid = {A042A39E-6524-46BC-AD0E-F5CAA1533375}
	EndGlobalSection
EndGlobal
